
Microsoft Visual Studio Solution File, Format Version 12.00
# Visual Studio Version 16
VisualStudioVersion = 16.0.31729.503
MinimumVisualStudioVersion = 10.0.40219.1
Project("{FAE04EC0-301F-11D3-BF4B-00C04F79EFBC}") = "TrasnporteDeCargas", "TrasnporteDeCargas.csproj", "{FA80A899-7BE8-4613-B027-9716014A2014}"
EndProject
Global
	GlobalSection(SolutionConfigurationPlatforms) = preSolution
		Debug|Any CPU = Debug|Any CPU
		Release|Any CPU = Release|Any CPU
	EndGlobalSection
	GlobalSection(ProjectConfigurationPlatforms) = postSolution
		{FA80A899-7BE8-4613-B027-9716014A2014}.Debug|Any CPU.ActiveCfg = Debug|Any CPU
		{FA80A899-7BE8-4613-B027-9716014A2014}.Debug|Any CPU.Build.0 = Debug|Any CPU
		{FA80A899-7BE8-4613-B027-9716014A2014}.Release|Any CPU.ActiveCfg = Release|Any CPU
		{FA80A899-7BE8-4613-B027-9716014A2014}.Release|Any CPU.Build.0 = Release|Any CPU
	EndGlobalSection
	GlobalSection(SolutionProperties) = preSolution
		HideSolutionNode = FALSE
	EndGlobalSection
	GlobalSection(ExtensibilityGlobals) = postSolution
		SolutionGuid = {3BD98962-C12E-435B-B3E2-E084503D5E77}
	EndGlobalSection
EndGlobal
